// !$*UTF8*$!
{
	archiveVersion = 1;
	classes = {
	};
	objectVersion = 56;
	objects = {

/* Begin PBXBuildFile section */
		AC19A8D52BB3ED7B009C46B0 /* ActivityFormModel.swift in Sources */ = {isa = PBXBuildFile; fileRef = AC19A8D42BB3ED7B009C46B0 /* ActivityFormModel.swift */; };
		AC19A8D72BB3EF2F009C46B0 /* ActivityFormView.swift in Sources */ = {isa = PBXBuildFile; fileRef = AC19A8D62BB3EF2F009C46B0 /* ActivityFormView.swift */; };
		AC6A60F02BA0272200942F60 /* CalendarAppApp.swift in Sources */ = {isa = PBXBuildFile; fileRef = AC6A60EF2BA0272200942F60 /* CalendarAppApp.swift */; };
		AC6A60F22BA0272200942F60 /* CalendarView.swift in Sources */ = {isa = PBXBuildFile; fileRef = AC6A60F12BA0272200942F60 /* CalendarView.swift */; };
		AC6A60F42BA0272300942F60 /* Assets.xcassets in Resources */ = {isa = PBXBuildFile; fileRef = AC6A60F32BA0272300942F60 /* Assets.xcassets */; };
		AC6A60F72BA0272300942F60 /* Preview Assets.xcassets in Resources */ = {isa = PBXBuildFile; fileRef = AC6A60F62BA0272300942F60 /* Preview Assets.xcassets */; };
		AC6A60FF2BA02A2C00942F60 /* Dete+Extension.swift in Sources */ = {isa = PBXBuildFile; fileRef = AC6A60FE2BA02A2C00942F60 /* Dete+Extension.swift */; };
		ACE101862BA81EA700FA704C /* Activity.swift in Sources */ = {isa = PBXBuildFile; fileRef = ACE101852BA81EA700FA704C /* Activity.swift */; };
		ACE101882BA81F0400FA704C /* Workout.swift in Sources */ = {isa = PBXBuildFile; fileRef = ACE101872BA81F0400FA704C /* Workout.swift */; };
		ACE1018A2BA81F4F00FA704C /* ActivitySymbol.swift in Sources */ = {isa = PBXBuildFile; fileRef = ACE101892BA81F4F00FA704C /* ActivitySymbol.swift */; };
		ACE101912BA9638B00FA704C /* StartTab.swift in Sources */ = {isa = PBXBuildFile; fileRef = ACE101902BA9638B00FA704C /* StartTab.swift */; };
		ACE101942BA9641100FA704C /* ActivityListView.swift in Sources */ = {isa = PBXBuildFile; fileRef = ACE101932BA9641100FA704C /* ActivityListView.swift */; };
		ACE101962BA966AF00FA704C /* ModalType.swift in Sources */ = {isa = PBXBuildFile; fileRef = ACE101952BA966AF00FA704C /* ModalType.swift */; };
		ACE101982BA9688800FA704C /* Color+Extension.swift in Sources */ = {isa = PBXBuildFile; fileRef = ACE101972BA9688800FA704C /* Color+Extension.swift */; };
		ACE101A62BAABBBA00FA704C /* WorkoutsListView.swift in Sources */ = {isa = PBXBuildFile; fileRef = ACE101A52BAABBBA00FA704C /* WorkoutsListView.swift */; };
/* End PBXBuildFile section */

/* Begin PBXFileReference section */
		AC19A8D42BB3ED7B009C46B0 /* ActivityFormModel.swift */ = {isa = PBXFileReference; lastKnownFileType = sourcecode.swift; path = ActivityFormModel.swift; sourceTree = "<group>"; };
		AC19A8D62BB3EF2F009C46B0 /* ActivityFormView.swift */ = {isa = PBXFileReference; lastKnownFileType = sourcecode.swift; path = ActivityFormView.swift; sourceTree = "<group>"; };
		AC6A60EC2BA0272200942F60 /* CalendarApp.app */ = {isa = PBXFileReference; explicitFileType = wrapper.application; includeInIndex = 0; path = CalendarApp.app; sourceTree = BUILT_PRODUCTS_DIR; };
		AC6A60EF2BA0272200942F60 /* CalendarAppApp.swift */ = {isa = PBXFileReference; lastKnownFileType = sourcecode.swift; path = CalendarAppApp.swift; sourceTree = "<group>"; };
		AC6A60F12BA0272200942F60 /* CalendarView.swift */ = {isa = PBXFileReference; lastKnownFileType = sourcecode.swift; path = CalendarView.swift; sourceTree = "<group>"; };
		AC6A60F32BA0272300942F60 /* Assets.xcassets */ = {isa = PBXFileReference; lastKnownFileType = folder.assetcatalog; path = Assets.xcassets; sourceTree = "<group>"; };
		AC6A60F62BA0272300942F60 /* Preview Assets.xcassets */ = {isa = PBXFileReference; lastKnownFileType = folder.assetcatalog; path = "Preview Assets.xcassets"; sourceTree = "<group>"; };
		AC6A60FE2BA02A2C00942F60 /* Dete+Extension.swift */ = {isa = PBXFileReference; lastKnownFileType = sourcecode.swift; path = "Dete+Extension.swift"; sourceTree = "<group>"; };
		ACE101852BA81EA700FA704C /* Activity.swift */ = {isa = PBXFileReference; lastKnownFileType = sourcecode.swift; path = Activity.swift; sourceTree = "<group>"; };
		ACE101872BA81F0400FA704C /* Workout.swift */ = {isa = PBXFileReference; lastKnownFileType = sourcecode.swift; path = Workout.swift; sourceTree = "<group>"; };
		ACE101892BA81F4F00FA704C /* ActivitySymbol.swift */ = {isa = PBXFileReference; lastKnownFileType = sourcecode.swift; path = ActivitySymbol.swift; sourceTree = "<group>"; };
		ACE101902BA9638B00FA704C /* StartTab.swift */ = {isa = PBXFileReference; lastKnownFileType = sourcecode.swift; path = StartTab.swift; sourceTree = "<group>"; };
		ACE101932BA9641100FA704C /* ActivityListView.swift */ = {isa = PBXFileReference; lastKnownFileType = sourcecode.swift; path = ActivityListView.swift; sourceTree = "<group>"; };
		ACE101952BA966AF00FA704C /* ModalType.swift */ = {isa = PBXFileReference; lastKnownFileType = sourcecode.swift; path = ModalType.swift; sourceTree = "<group>"; };
		ACE101972BA9688800FA704C /* Color+Extension.swift */ = {isa = PBXFileReference; lastKnownFileType = sourcecode.swift; path = "Color+Extension.swift"; sourceTree = "<group>"; };
		ACE101A52BAABBBA00FA704C /* WorkoutsListView.swift */ = {isa = PBXFileReference; lastKnownFileType = sourcecode.swift; path = WorkoutsListView.swift; sourceTree = "<group>"; };
/* End PBXFileReference section */

/* Begin PBXFrameworksBuildPhase section */
		AC6A60E92BA0272200942F60 /* Frameworks */ = {
			isa = PBXFrameworksBuildPhase;
			buildActionMask = 2147483647;
			files = (
			);
			runOnlyForDeploymentPostprocessing = 0;
		};
/* End PBXFrameworksBuildPhase section */

/* Begin PBXGroup section */
		AC6A60E32BA0272200942F60 = {
			isa = PBXGroup;
			children = (
				AC6A60EE2BA0272200942F60 /* CalendarApp */,
				AC6A60ED2BA0272200942F60 /* Products */,
			);
			sourceTree = "<group>";
		};
		AC6A60ED2BA0272200942F60 /* Products */ = {
			isa = PBXGroup;
			children = (
				AC6A60EC2BA0272200942F60 /* CalendarApp.app */,
			);
			name = Products;
			sourceTree = "<group>";
		};
		AC6A60EE2BA0272200942F60 /* CalendarApp */ = {
			isa = PBXGroup;
			children = (
				ACE1018F2BA9637B00FA704C /* Views */,
				ACE101842BA81E5700FA704C /* Models */,
				AC6A60FD2BA02A1B00942F60 /* Extensions */,
				AC6A60EF2BA0272200942F60 /* CalendarAppApp.swift */,
				AC6A60F12BA0272200942F60 /* CalendarView.swift */,
				AC6A60F32BA0272300942F60 /* Assets.xcassets */,
				AC6A60F52BA0272300942F60 /* Preview Content */,
			);
			path = CalendarApp;
			sourceTree = "<group>";
		};
		AC6A60F52BA0272300942F60 /* Preview Content */ = {
			isa = PBXGroup;
			children = (
				AC6A60F62BA0272300942F60 /* Preview Assets.xcassets */,
			);
			path = "Preview Content";
			sourceTree = "<group>";
		};
		AC6A60FD2BA02A1B00942F60 /* Extensions */ = {
			isa = PBXGroup;
			children = (
				AC6A60FE2BA02A2C00942F60 /* Dete+Extension.swift */,
				ACE101972BA9688800FA704C /* Color+Extension.swift */,
			);
			path = Extensions;
			sourceTree = "<group>";
		};
		ACE101842BA81E5700FA704C /* Models */ = {
			isa = PBXGroup;
			children = (
				AC19A8D42BB3ED7B009C46B0 /* ActivityFormModel.swift */,
				ACE101852BA81EA700FA704C /* Activity.swift */,
				ACE101872BA81F0400FA704C /* Workout.swift */,
				ACE101892BA81F4F00FA704C /* ActivitySymbol.swift */,
				ACE101952BA966AF00FA704C /* ModalType.swift */,
			);
			path = Models;
			sourceTree = "<group>";
		};
		ACE1018F2BA9637B00FA704C /* Views */ = {
			isa = PBXGroup;
			children = (
				ACE101922BA963FC00FA704C /* Acivity Views */,
				ACE101902BA9638B00FA704C /* StartTab.swift */,
			);
			path = Views;
			sourceTree = "<group>";
		};
		ACE101922BA963FC00FA704C /* Acivity Views */ = {
			isa = PBXGroup;
			children = (
				ACE101932BA9641100FA704C /* ActivityListView.swift */,
				ACE101A52BAABBBA00FA704C /* WorkoutsListView.swift */,
				AC19A8D62BB3EF2F009C46B0 /* ActivityFormView.swift */,
			);
			path = "Acivity Views";
			sourceTree = "<group>";
		};
/* End PBXGroup section */

/* Begin PBXNativeTarget section */
		AC6A60EB2BA0272200942F60 /* CalendarApp */ = {
			isa = PBXNativeTarget;
			buildConfigurationList = AC6A60FA2BA0272300942F60 /* Build configuration list for PBXNativeTarget "CalendarApp" */;
			buildPhases = (
				AC6A60E82BA0272200942F60 /* Sources */,
				AC6A60E92BA0272200942F60 /* Frameworks */,
				AC6A60EA2BA0272200942F60 /* Resources */,
			);
			buildRules = (
			);
			dependencies = (
			);
			name = CalendarApp;
			productName = CalendarApp;
			productReference = AC6A60EC2BA0272200942F60 /* CalendarApp.app */;
			productType = "com.apple.product-type.application";
		};
/* End PBXNativeTarget section */

/* Begin PBXProject section */
		AC6A60E42BA0272200942F60 /* Project object */ = {
			isa = PBXProject;
			attributes = {
				BuildIndependentTargetsInParallel = 1;
				LastSwiftUpdateCheck = 1500;
				LastUpgradeCheck = 1500;
				TargetAttributes = {
					AC6A60EB2BA0272200942F60 = {
						CreatedOnToolsVersion = 15.0.1;
					};
				};
			};
			buildConfigurationList = AC6A60E72BA0272200942F60 /* Build configuration list for PBXProject "CalendarApp" */;
			compatibilityVersion = "Xcode 14.0";
			developmentRegion = en;
			hasScannedForEncodings = 0;
			knownRegions = (
				en,
				Base,
			);
			mainGroup = AC6A60E32BA0272200942F60;
			productRefGroup = AC6A60ED2BA0272200942F60 /* Products */;
			projectDirPath = "";
			projectRoot = "";
			targets = (
				AC6A60EB2BA0272200942F60 /* CalendarApp */,
			);
		};
/* End PBXProject section */

/* Begin PBXResourcesBuildPhase section */
		AC6A60EA2BA0272200942F60 /* Resources */ = {
			isa = PBXResourcesBuildPhase;
			buildActionMask = 2147483647;
			files = (
				AC6A60F72BA0272300942F60 /* Preview Assets.xcassets in Resources */,
				AC6A60F42BA0272300942F60 /* Assets.xcassets in Resources */,
			);
			runOnlyForDeploymentPostprocessing = 0;
		};
/* End PBXResourcesBuildPhase section */

/* Begin PBXSourcesBuildPhase section */
		AC6A60E82BA0272200942F60 /* Sources */ = {
			isa = PBXSourcesBuildPhase;
			buildActionMask = 2147483647;
			files = (
				AC19A8D52BB3ED7B009C46B0 /* ActivityFormModel.swift in Sources */,
				ACE101A62BAABBBA00FA704C /* WorkoutsListView.swift in Sources */,
				AC19A8D72BB3EF2F009C46B0 /* ActivityFormView.swift in Sources */,
				ACE101962BA966AF00FA704C /* ModalType.swift in Sources */,
				ACE101982BA9688800FA704C /* Color+Extension.swift in Sources */,
				AC6A60F22BA0272200942F60 /* CalendarView.swift in Sources */,
				ACE101912BA9638B00FA704C /* StartTab.swift in Sources */,
				AC6A60F02BA0272200942F60 /* CalendarAppApp.swift in Sources */,
				ACE101862BA81EA700FA704C /* Activity.swift in Sources */,
				ACE101882BA81F0400FA704C /* Workout.swift in Sources */,
				ACE101942BA9641100FA704C /* ActivityListView.swift in Sources */,
				ACE1018A2BA81F4F00FA704C /* ActivitySymbol.swift in Sources */,
				AC6A60FF2BA02A2C00942F60 /* Dete+Extension.swift in Sources */,
			);
			runOnlyForDeploymentPostprocessing = 0;
		};
/* End PBXSourcesBuildPhase section */

/* Begin XCBuildConfiguration section */
		AC6A60F82BA0272300942F60 /* Debug */ = {
			isa = XCBuildConfiguration;
			buildSettings = {
				ALWAYS_SEARCH_USER_PATHS = NO;
				ASSETCATALOG_COMPILER_GENERATE_SWIFT_ASSET_SYMBOL_EXTENSIONS = YES;
				CLANG_ANALYZER_NONNULL = YES;
				CLANG_ANALYZER_NUMBER_OBJECT_CONVERSION = YES_AGGRESSIVE;
				CLANG_CXX_LANGUAGE_STANDARD = "gnu++20";
				CLANG_ENABLE_MODULES = YES;
				CLANG_ENABLE_OBJC_ARC = YES;
				CLANG_ENABLE_OBJC_WEAK = YES;
				CLANG_WARN_BLOCK_CAPTURE_AUTORELEASING = YES;
				CLANG_WARN_BOOL_CONVERSION = YES;
				CLANG_WARN_COMMA = YES;
				CLANG_WARN_CONSTANT_CONVERSION = YES;
				CLANG_WARN_DEPRECATED_OBJC_IMPLEMENTATIONS = YES;
				CLANG_WARN_DIRECT_OBJC_ISA_USAGE = YES_ERROR;
				CLANG_WARN_DOCUMENTATION_COMMENTS = YES;
				CLANG_WARN_EMPTY_BODY = YES;
				CLANG_WARN_ENUM_CONVERSION = YES;
				CLANG_WARN_INFINITE_RECURSION = YES;
				CLANG_WARN_INT_CONVERSION = YES;
				CLANG_WARN_NON_LITERAL_NULL_CONVERSION = YES;
				CLANG_WARN_OBJC_IMPLICIT_RETAIN_SELF = YES;
				CLANG_WARN_OBJC_LITERAL_CONVERSION = YES;
				CLANG_WARN_OBJC_ROOT_CLASS = YES_ERROR;
				CLANG_WARN_QUOTED_INCLUDE_IN_FRAMEWORK_HEADER = YES;
				CLANG_WARN_RANGE_LOOP_ANALYSIS = YES;
				CLANG_WARN_STRICT_PROTOTYPES = YES;
				CLANG_WARN_SUSPICIOUS_MOVE = YES;
				CLANG_WARN_UNGUARDED_AVAILABILITY = YES_AGGRESSIVE;
				CLANG_WARN_UNREACHABLE_CODE = YES;
				CLANG_WARN__DUPLICATE_METHOD_MATCH = YES;
				COPY_PHASE_STRIP = NO;
				DEBUG_INFORMATION_FORMAT = dwarf;
				ENABLE_STRICT_OBJC_MSGSEND = YES;
				ENABLE_TESTABILITY = YES;
				ENABLE_USER_SCRIPT_SANDBOXING = YES;
				GCC_C_LANGUAGE_STANDARD = gnu17;
				GCC_DYNAMIC_NO_PIC = NO;
				GCC_NO_COMMON_BLOCKS = YES;
				GCC_OPTIMIZATION_LEVEL = 0;
				GCC_PREPROCESSOR_DEFINITIONS = (
					"DEBUG=1",
					"$(inherited)",
				);
				GCC_WARN_64_TO_32_BIT_CONVERSION = YES;
				GCC_WARN_ABOUT_RETURN_TYPE = YES_ERROR;
				GCC_WARN_UNDECLARED_SELECTOR = YES;
				GCC_WARN_UNINITIALIZED_AUTOS = YES_AGGRESSIVE;
				GCC_WARN_UNUSED_FUNCTION = YES;
				GCC_WARN_UNUSED_VARIABLE = YES;
				IPHONEOS_DEPLOYMENT_TARGET = 17.0;
				LOCALIZATION_PREFERS_STRING_CATALOGS = YES;
				MTL_ENABLE_DEBUG_INFO = INCLUDE_SOURCE;
				MTL_FAST_MATH = YES;
				ONLY_ACTIVE_ARCH = YES;
				SDKROOT = iphoneos;
				SWIFT_ACTIVE_COMPILATION_CONDITIONS = "DEBUG $(inherited)";
				SWIFT_OPTIMIZATION_LEVEL = "-Onone";
			};
			name = Debug;
		};
		AC6A60F92BA0272300942F60 /* Release */ = {
			isa = XCBuildConfiguration;
			buildSettings = {
				ALWAYS_SEARCH_USER_PATHS = NO;
				ASSETCATALOG_COMPILER_GENERATE_SWIFT_ASSET_SYMBOL_EXTENSIONS = YES;
				CLANG_ANALYZER_NONNULL = YES;
				CLANG_ANALYZER_NUMBER_OBJECT_CONVERSION = YES_AGGRESSIVE;
				CLANG_CXX_LANGUAGE_STANDARD = "gnu++20";
				CLANG_ENABLE_MODULES = YES;
				CLANG_ENABLE_OBJC_ARC = YES;
				CLANG_ENABLE_OBJC_WEAK = YES;
				CLANG_WARN_BLOCK_CAPTURE_AUTORELEASING = YES;
				CLANG_WARN_BOOL_CONVERSION = YES;
				CLANG_WARN_COMMA = YES;
				CLANG_WARN_CONSTANT_CONVERSION = YES;
				CLANG_WARN_DEPRECATED_OBJC_IMPLEMENTATIONS = YES;
				CLANG_WARN_DIRECT_OBJC_ISA_USAGE = YES_ERROR;
				CLANG_WARN_DOCUMENTATION_COMMENTS = YES;
				CLANG_WARN_EMPTY_BODY = YES;
				CLANG_WARN_ENUM_CONVERSION = YES;
				CLANG_WARN_INFINITE_RECURSION = YES;
				CLANG_WARN_INT_CONVERSION = YES;
				CLANG_WARN_NON_LITERAL_NULL_CONVERSION = YES;
				CLANG_WARN_OBJC_IMPLICIT_RETAIN_SELF = YES;
				CLANG_WARN_OBJC_LITERAL_CONVERSION = YES;
				CLANG_WARN_OBJC_ROOT_CLASS = YES_ERROR;
				CLANG_WARN_QUOTED_INCLUDE_IN_FRAMEWORK_HEADER = YES;
				CLANG_WARN_RANGE_LOOP_ANALYSIS = YES;
				CLANG_WARN_STRICT_PROTOTYPES = YES;
				CLANG_WARN_SUSPICIOUS_MOVE = YES;
				CLANG_WARN_UNGUARDED_AVAILABILITY = YES_AGGRESSIVE;
				CLANG_WARN_UNREACHABLE_CODE = YES;
				CLANG_WARN__DUPLICATE_METHOD_MATCH = YES;
				COPY_PHASE_STRIP = NO;
				DEBUG_INFORMATION_FORMAT = "dwarf-with-dsym";
				ENABLE_NS_ASSERTIONS = NO;
				ENABLE_STRICT_OBJC_MSGSEND = YES;
				ENABLE_USER_SCRIPT_SANDBOXING = YES;
				GCC_C_LANGUAGE_STANDARD = gnu17;
				GCC_NO_COMMON_BLOCKS = YES;
				GCC_WARN_64_TO_32_BIT_CONVERSION = YES;
				GCC_WARN_ABOUT_RETURN_TYPE = YES_ERROR;
				GCC_WARN_UNDECLARED_SELECTOR = YES;
				GCC_WARN_UNINITIALIZED_AUTOS = YES_AGGRESSIVE;
				GCC_WARN_UNUSED_FUNCTION = YES;
				GCC_WARN_UNUSED_VARIABLE = YES;
				IPHONEOS_DEPLOYMENT_TARGET = 17.0;
				LOCALIZATION_PREFERS_STRING_CATALOGS = YES;
				MTL_ENABLE_DEBUG_INFO = NO;
				MTL_FAST_MATH = YES;
				SDKROOT = iphoneos;
				SWIFT_COMPILATION_MODE = wholemodule;
				VALIDATE_PRODUCT = YES;
			};
			name = Release;
		};
		AC6A60FB2BA0272300942F60 /* Debug */ = {
			isa = XCBuildConfiguration;
			buildSettings = {
				ASSETCATALOG_COMPILER_APPICON_NAME = AppIcon;
				ASSETCATALOG_COMPILER_GLOBAL_ACCENT_COLOR_NAME = AccentColor;
				CODE_SIGN_STYLE = Automatic;
				CURRENT_PROJECT_VERSION = 1;
				DEVELOPMENT_ASSET_PATHS = "\"CalendarApp/Preview Content\"";
				DEVELOPMENT_TEAM = MSVFBRY49T;
				ENABLE_PREVIEWS = YES;
				GENERATE_INFOPLIST_FILE = YES;
				INFOPLIST_KEY_UIApplicationSceneManifest_Generation = YES;
				INFOPLIST_KEY_UIApplicationSupportsIndirectInputEvents = YES;
				INFOPLIST_KEY_UILaunchScreen_Generation = YES;
				INFOPLIST_KEY_UISupportedInterfaceOrientations_iPad = "UIInterfaceOrientationPortrait UIInterfaceOrientationPortraitUpsideDown UIInterfaceOrientationLandscapeLeft UIInterfaceOrientationLandscapeRight";
				INFOPLIST_KEY_UISupportedInterfaceOrientations_iPhone = "UIInterfaceOrientationPortrait UIInterfaceOrientationLandscapeLeft UIInterfaceOrientationLandscapeRight";
				LD_RUNPATH_SEARCH_PATHS = (
					"$(inherited)",
					"@executable_path/Frameworks",
				);
				MARKETING_VERSION = 1.0;
				PRODUCT_BUNDLE_IDENTIFIER = com.test.niv.project.CalendarApp;
				PRODUCT_NAME = "$(TARGET_NAME)";
				SWIFT_EMIT_LOC_STRINGS = YES;
				SWIFT_VERSION = 5.0;
				TARGETED_DEVICE_FAMILY = "1,2";
			};
			name = Debug;
		};
		AC6A60FC2BA0272300942F60 /* Release */ = {
			isa = XCBuildConfiguration;
			buildSettings = {
				ASSETCATALOG_COMPILER_APPICON_NAME = AppIcon;
				ASSETCATALOG_COMPILER_GLOBAL_ACCENT_COLOR_NAME = AccentColor;
				CODE_SIGN_STYLE = Automatic;
				CURRENT_PROJECT_VERSION = 1;
				DEVELOPMENT_ASSET_PATHS = "\"CalendarApp/Preview Content\"";
				DEVELOPMENT_TEAM = MSVFBRY49T;
				ENABLE_PREVIEWS = YES;
				GENERATE_INFOPLIST_FILE = YES;
				INFOPLIST_KEY_UIApplicationSceneManifest_Generation = YES;
				INFOPLIST_KEY_UIApplicationSupportsIndirectInputEvents = YES;
				INFOPLIST_KEY_UILaunchScreen_Generation = YES;
				INFOPLIST_KEY_UISupportedInterfaceOrientations_iPad = "UIInterfaceOrientationPortrait UIInterfaceOrientationPortraitUpsideDown UIInterfaceOrientationLandscapeLeft UIInterfaceOrientationLandscapeRight";
				INFOPLIST_KEY_UISupportedInterfaceOrientations_iPhone = "UIInterfaceOrientationPortrait UIInterfaceOrientationLandscapeLeft UIInterfaceOrientationLandscapeRight";
				LD_RUNPATH_SEARCH_PATHS = (
					"$(inherited)",
					"@executable_path/Frameworks",
				);
				MARKETING_VERSION = 1.0;
				PRODUCT_BUNDLE_IDENTIFIER = com.test.niv.project.CalendarApp;
				PRODUCT_NAME = "$(TARGET_NAME)";
				SWIFT_EMIT_LOC_STRINGS = YES;
				SWIFT_VERSION = 5.0;
				TARGETED_DEVICE_FAMILY = "1,2";
			};
			name = Release;
		};
/* End XCBuildConfiguration section */

/* Begin XCConfigurationList section */
		AC6A60E72BA0272200942F60 /* Build configuration list for PBXProject "CalendarApp" */ = {
			isa = XCConfigurationList;
			buildConfigurations = (
				AC6A60F82BA0272300942F60 /* Debug */,
				AC6A60F92BA0272300942F60 /* Release */,
			);
			defaultConfigurationIsVisible = 0;
			defaultConfigurationName = Release;
		};
		AC6A60FA2BA0272300942F60 /* Build configuration list for PBXNativeTarget "CalendarApp" */ = {
			isa = XCConfigurationList;
			buildConfigurations = (
				AC6A60FB2BA0272300942F60 /* Debug */,
				AC6A60FC2BA0272300942F60 /* Release */,
			);
			defaultConfigurationIsVisible = 0;
			defaultConfigurationName = Release;
		};
/* End XCConfigurationList section */
	};
	rootObject = AC6A60E42BA0272200942F60 /* Project object */;
}
